
Microsoft Visual Studio Solution File, Format Version 12.00
# Visual Studio 15
VisualStudioVersion = 15.0.26124.0
MinimumVisualStudioVersion = 15.0.26124.0
Project("{2150E333-8FDC-42A3-9474-1A3956D46DE8}") = "src", "src", "{FE01EFF2-6E7F-46AE-A5A0-66D60816E8F5}"
EndProject
Project("{FAE04EC0-301F-11D3-BF4B-00C04F79EFBC}") = "Types", "src\Types\Types.csproj", "{856A38D9-2582-4A56-9C34-7F278A3B7444}"
EndProject
Project("{FAE04EC0-301F-11D3-BF4B-00C04F79EFBC}") = "tests", "tests\tests.csproj", "{AA88AEF6-71D1-49BC-B97D-C3E878FA9550}"
EndProject
Global
	GlobalSection(SolutionConfigurationPlatforms) = preSolution
		Debug|Any CPU = Debug|Any CPU
		Debug|x64 = Debug|x64
		Debug|x86 = Debug|x86
		Release|Any CPU = Release|Any CPU
		Release|x64 = Release|x64
		Release|x86 = Release|x86
	EndGlobalSection
	GlobalSection(SolutionProperties) = preSolution
		HideSolutionNode = FALSE
	EndGlobalSection
	GlobalSection(ProjectConfigurationPlatforms) = postSolution
		{856A38D9-2582-4A56-9C34-7F278A3B7444}.Debug|Any CPU.ActiveCfg = Debug|Any CPU
		{856A38D9-2582-4A56-9C34-7F278A3B7444}.Debug|Any CPU.Build.0 = Debug|Any CPU
		{856A38D9-2582-4A56-9C34-7F278A3B7444}.Debug|x64.ActiveCfg = Debug|Any CPU
		{856A38D9-2582-4A56-9C34-7F278A3B7444}.Debug|x64.Build.0 = Debug|Any CPU
		{856A38D9-2582-4A56-9C34-7F278A3B7444}.Debug|x86.ActiveCfg = Debug|Any CPU
		{856A38D9-2582-4A56-9C34-7F278A3B7444}.Debug|x86.Build.0 = Debug|Any CPU
		{856A38D9-2582-4A56-9C34-7F278A3B7444}.Release|Any CPU.ActiveCfg = Release|Any CPU
		{856A38D9-2582-4A56-9C34-7F278A3B7444}.Release|Any CPU.Build.0 = Release|Any CPU
		{856A38D9-2582-4A56-9C34-7F278A3B7444}.Release|x64.ActiveCfg = Release|Any CPU
		{856A38D9-2582-4A56-9C34-7F278A3B7444}.Release|x64.Build.0 = Release|Any CPU
		{856A38D9-2582-4A56-9C34-7F278A3B7444}.Release|x86.ActiveCfg = Release|Any CPU
		{856A38D9-2582-4A56-9C34-7F278A3B7444}.Release|x86.Build.0 = Release|Any CPU
		{AA88AEF6-71D1-49BC-B97D-C3E878FA9550}.Debug|Any CPU.ActiveCfg = Debug|Any CPU
		{AA88AEF6-71D1-49BC-B97D-C3E878FA9550}.Debug|Any CPU.Build.0 = Debug|Any CPU
		{AA88AEF6-71D1-49BC-B97D-C3E878FA9550}.Debug|x64.ActiveCfg = Debug|Any CPU
		{AA88AEF6-71D1-49BC-B97D-C3E878FA9550}.Debug|x64.Build.0 = Debug|Any CPU
		{AA88AEF6-71D1-49BC-B97D-C3E878FA9550}.Debug|x86.ActiveCfg = Debug|Any CPU
		{AA88AEF6-71D1-49BC-B97D-C3E878FA9550}.Debug|x86.Build.0 = Debug|Any CPU
		{AA88AEF6-71D1-49BC-B97D-C3E878FA9550}.Release|Any CPU.ActiveCfg = Release|Any CPU
		{AA88AEF6-71D1-49BC-B97D-C3E878FA9550}.Release|Any CPU.Build.0 = Release|Any CPU
		{AA88AEF6-71D1-49BC-B97D-C3E878FA9550}.Release|x64.ActiveCfg = Release|Any CPU
		{AA88AEF6-71D1-49BC-B97D-C3E878FA9550}.Release|x64.Build.0 = Release|Any CPU
		{AA88AEF6-71D1-49BC-B97D-C3E878FA9550}.Release|x86.ActiveCfg = Release|Any CPU
		{AA88AEF6-71D1-49BC-B97D-C3E878FA9550}.Release|x86.Build.0 = Release|Any CPU
	EndGlobalSection
	GlobalSection(NestedProjects) = preSolution
		{856A38D9-2582-4A56-9C34-7F278A3B7444} = {FE01EFF2-6E7F-46AE-A5A0-66D60816E8F5}
	EndGlobalSection
EndGlobal
